
Microsoft Visual Studio Solution File, Format Version 12.00
# Visual Studio Version 17
VisualStudioVersion = 17.7.34221.43
MinimumVisualStudioVersion = 10.0.40219.1
Project("{FAE04EC0-301F-11D3-BF4B-00C04F79EFBC}") = "Assignment4", "Assignment4\Assignment4.csproj", "{339E5EA3-F4C1-46BB-AE4E-17264A711830}"
EndProject
Global
	GlobalSection(SolutionConfigurationPlatforms) = preSolution
		Debug|Any CPU = Debug|Any CPU
		Release|Any CPU = Release|Any CPU
	EndGlobalSection
	GlobalSection(ProjectConfigurationPlatforms) = postSolution
		{339E5EA3-F4C1-46BB-AE4E-17264A711830}.Debug|Any CPU.ActiveCfg = Debug|Any CPU
		{339E5EA3-F4C1-46BB-AE4E-17264A711830}.Debug|Any CPU.Build.0 = Debug|Any CPU
		{339E5EA3-F4C1-46BB-AE4E-17264A711830}.Release|Any CPU.ActiveCfg = Release|Any CPU
		{339E5EA3-F4C1-46BB-AE4E-17264A711830}.Release|Any CPU.Build.0 = Release|Any CPU
	EndGlobalSection
	GlobalSection(SolutionProperties) = preSolution
		HideSolutionNode = FALSE
	EndGlobalSection
	GlobalSection(ExtensibilityGlobals) = postSolution
		SolutionGuid = {77322276-8A79-436F-B0A3-6FF4737DFFFE}
	EndGlobalSection
EndGlobal
